
Microsoft Visual Studio Solution File, Format Version 12.00
# Visual Studio 15
Project("{FAE04EC0-301F-11D3-BF4B-00C04F79EFBC}") = "Assembly-CSharp", "Assembly-CSharp.csproj", "{95F62AF9-B991-885D-556F-FBA737851443}"
EndProject
Project("{FAE04EC0-301F-11D3-BF4B-00C04F79EFBC}") = "Assembly-CSharp-firstpass", "Assembly-CSharp-firstpass.csproj", "{F1C9DD4B-D538-BA0B-91C7-C5A1995B2DE6}"
EndProject
Global
	GlobalSection(SolutionConfigurationPlatforms) = preSolution
		Debug|Any CPU = Debug|Any CPU
		Release|Any CPU = Release|Any CPU
	EndGlobalSection
	GlobalSection(ProjectConfigurationPlatforms) = postSolution
		{95F62AF9-B991-885D-556F-FBA737851443}.Debug|Any CPU.ActiveCfg = Debug|Any CPU
		{95F62AF9-B991-885D-556F-FBA737851443}.Debug|Any CPU.Build.0 = Debug|Any CPU
		{95F62AF9-B991-885D-556F-FBA737851443}.Release|Any CPU.ActiveCfg = Release|Any CPU
		{95F62AF9-B991-885D-556F-FBA737851443}.Release|Any CPU.Build.0 = Release|Any CPU
		{F1C9DD4B-D538-BA0B-91C7-C5A1995B2DE6}.Debug|Any CPU.ActiveCfg = Debug|Any CPU
		{F1C9DD4B-D538-BA0B-91C7-C5A1995B2DE6}.Debug|Any CPU.Build.0 = Debug|Any CPU
		{F1C9DD4B-D538-BA0B-91C7-C5A1995B2DE6}.Release|Any CPU.ActiveCfg = Release|Any CPU
		{F1C9DD4B-D538-BA0B-91C7-C5A1995B2DE6}.Release|Any CPU.Build.0 = Release|Any CPU
	EndGlobalSection
	GlobalSection(SolutionProperties) = preSolution
		HideSolutionNode = FALSE
	EndGlobalSection
EndGlobal
